
Microsoft Visual Studio Solution File, Format Version 12.00
# Visual Studio Version 17
VisualStudioVersion = 17.7.34202.233
MinimumVisualStudioVersion = 10.0.40219.1
Project("{FAE04EC0-301F-11D3-BF4B-00C04F79EFBC}") = "KMS1_06_LE_03_02", "KMS1_06_LE_03_02.csproj", "{0EDFD369-3CFA-4221-B52C-C25BE78F8DAB}"
EndProject
Global
	GlobalSection(SolutionConfigurationPlatforms) = preSolution
		Debug|Any CPU = Debug|Any CPU
		Release|Any CPU = Release|Any CPU
	EndGlobalSection
	GlobalSection(ProjectConfigurationPlatforms) = postSolution
		{0EDFD369-3CFA-4221-B52C-C25BE78F8DAB}.Debug|Any CPU.ActiveCfg = Debug|Any CPU
		{0EDFD369-3CFA-4221-B52C-C25BE78F8DAB}.Debug|Any CPU.Build.0 = Debug|Any CPU
		{0EDFD369-3CFA-4221-B52C-C25BE78F8DAB}.Release|Any CPU.ActiveCfg = Release|Any CPU
		{0EDFD369-3CFA-4221-B52C-C25BE78F8DAB}.Release|Any CPU.Build.0 = Release|Any CPU
	EndGlobalSection
	GlobalSection(SolutionProperties) = preSolution
		HideSolutionNode = FALSE
	EndGlobalSection
	GlobalSection(ExtensibilityGlobals) = postSolution
		SolutionGuid = {54EB48F4-9B91-4D01-B0B5-4A05E271FE37}
	EndGlobalSection
EndGlobal
